
Microsoft Visual Studio Solution File, Format Version 12.00
# Visual Studio Version 16
VisualStudioVersion = 16.0.31005.135
MinimumVisualStudioVersion = 10.0.40219.1
Project("{FAE04EC0-301F-11D3-BF4B-00C04F79EFBC}") = "New_Zealand_MVC", "New_Zealand_MVC.csproj", "{740D7B6C-7118-462E-A53E-ABC16B74E5EA}"
EndProject
Global
	GlobalSection(SolutionConfigurationPlatforms) = preSolution
		Debug|Any CPU = Debug|Any CPU
		Release|Any CPU = Release|Any CPU
	EndGlobalSection
	GlobalSection(ProjectConfigurationPlatforms) = postSolution
		{740D7B6C-7118-462E-A53E-ABC16B74E5EA}.Debug|Any CPU.ActiveCfg = Debug|Any CPU
		{740D7B6C-7118-462E-A53E-ABC16B74E5EA}.Debug|Any CPU.Build.0 = Debug|Any CPU
		{740D7B6C-7118-462E-A53E-ABC16B74E5EA}.Release|Any CPU.ActiveCfg = Release|Any CPU
		{740D7B6C-7118-462E-A53E-ABC16B74E5EA}.Release|Any CPU.Build.0 = Release|Any CPU
	EndGlobalSection
	GlobalSection(SolutionProperties) = preSolution
		HideSolutionNode = FALSE
	EndGlobalSection
	GlobalSection(ExtensibilityGlobals) = postSolution
		SolutionGuid = {14C038BE-FD4C-48AD-BBFE-307F8BE0ED8A}
	EndGlobalSection
EndGlobal
